
Microsoft Visual Studio Solution File, Format Version 12.00
# Visual Studio Version 17
VisualStudioVersion = 17.13.35919.96
MinimumVisualStudioVersion = 10.0.40219.1
Project("{8BC9CEB8-8B4A-11D0-8D11-00A0C91BC942}") = "MyGameEngine2025", "WindowsPeog2.vcxproj", "{B6D7BA6C-0189-4743-9D9C-64A739EEC15D}"
EndProject
Global
	GlobalSection(SolutionConfigurationPlatforms) = preSolution
		Debug|x64 = Debug|x64
		Debug|x86 = Debug|x86
		Release|x64 = Release|x64
		Release|x86 = Release|x86
	EndGlobalSection
	GlobalSection(ProjectConfigurationPlatforms) = postSolution
		{B6D7BA6C-0189-4743-9D9C-64A739EEC15D}.Debug|x64.ActiveCfg = Debug|x64
		{B6D7BA6C-0189-4743-9D9C-64A739EEC15D}.Debug|x64.Build.0 = Debug|x64
		{B6D7BA6C-0189-4743-9D9C-64A739EEC15D}.Debug|x86.ActiveCfg = Debug|Win32
		{B6D7BA6C-0189-4743-9D9C-64A739EEC15D}.Debug|x86.Build.0 = Debug|Win32
		{B6D7BA6C-0189-4743-9D9C-64A739EEC15D}.Release|x64.ActiveCfg = Release|x64
		{B6D7BA6C-0189-4743-9D9C-64A739EEC15D}.Release|x64.Build.0 = Release|x64
		{B6D7BA6C-0189-4743-9D9C-64A739EEC15D}.Release|x86.ActiveCfg = Release|Win32
		{B6D7BA6C-0189-4743-9D9C-64A739EEC15D}.Release|x86.Build.0 = Release|Win32
	EndGlobalSection
	GlobalSection(SolutionProperties) = preSolution
		HideSolutionNode = FALSE
	EndGlobalSection
	GlobalSection(ExtensibilityGlobals) = postSolution
		SolutionGuid = {6A1834B8-85EC-4E1C-B07B-03AE6D7B7AF2}
	EndGlobalSection
EndGlobal
